# THIS IS AN AUTOGENERATED FILE. DO NOT EDIT THIS FILE DIRECTLY.
# yarn lockfile v1


"@babel/runtime@^7.9.2":
  version "7.17.8"
  resolved "https://registry.yarnpkg.com/@babel/runtime/-/runtime-7.17.8.tgz#3e56e4aff81befa55ac3ac6a0967349fd1c5bca2"
  integrity sha512-dQpEpK0O9o6lj6oPu0gRDbbnk+4LeHlNcBpspf6Olzt3GIX4P1lWF1gS+pHLDFlaJvbR6q7jCfQ08zA4QJBnmA==
  dependencies:
    regenerator-runtime "^0.13.4"

"@react-dnd/asap@4.0.0":
  version "4.0.0"
  resolved "https://registry.yarnpkg.com/@react-dnd/asap/-/asap-4.0.0.tgz#b300eeed83e9801f51bd66b0337c9a6f04548651"
  integrity sha512-0XhqJSc6pPoNnf8DhdsPHtUhRzZALVzYMTzRwV4VI6DJNJ/5xxfL9OQUwb8IH5/2x7lSf7nAZrnzUD+16VyOVQ==

"@react-dnd/invariant@3.0.0":
  version "3.0.0"
  resolved "https://registry.yarnpkg.com/@react-dnd/invariant/-/invariant-3.0.0.tgz#ea55db612b8be3284e87b67f1a1567595cd4c386"
  integrity sha512-keberJRIqPX15IK3SWS/iO1t/kGETiL1oczKrDitAaMnQ+kpHf81l3MrRmFjvfqcnApE+izEvwM6GsyoIcpsVA==

"@react-dnd/shallowequal@3.0.0":
  version "3.0.0"
  resolved "https://registry.yarnpkg.com/@react-dnd/shallowequal/-/shallowequal-3.0.0.tgz#ccfe1d6eead7591b4cebf6d7fec7150eb4de1962"
  integrity sha512-1ELWQdJB2UrCXTKK5cCD9uGLLIwECLIEdttKA255owdpchtXohIjZBTlFJszwYi2ZKe2Do+QvUzsGyGCMNwbdw==

dnd-core@15.1.1:
  version "15.1.1"
  resolved "https://registry.yarnpkg.com/dnd-core/-/dnd-core-15.1.1.tgz#b4dce2d892be2a7c9ca32ffdd545350be8d52f4f"
  integrity sha512-Mtj/Sltcx7stVXzeDg4g7roTe/AmzRuIf/FYOxX6F8gULbY54w066BlErBOzQfn9RIJ3gAYLGX7wvVvoBSq7ig==
  dependencies:
    "@react-dnd/asap" "4.0.0"
    "@react-dnd/invariant" "3.0.0"
    redux "^4.1.1"

fast-deep-equal@^3.1.3:
  version "3.1.3"
  resolved "https://registry.yarnpkg.com/fast-deep-equal/-/fast-deep-equal-3.1.3.tgz#3a7d56b559d6cbc3eb512325244e619a65c6c525"
  integrity sha512-f3qQ9oQy9j2AhBe/H9VC91wLmKBCCU/gDOnKNAYG5hswO7BLKj09Hc5HYNz9cGI++xlpDCIgDaitVs03ATR84Q==

hoist-non-react-statics@^3.3.2:
  version "3.3.2"
  resolved "https://registry.yarnpkg.com/hoist-non-react-statics/-/hoist-non-react-statics-3.3.2.tgz#ece0acaf71d62c2969c2ec59feff42a4b1a85b45"
  integrity sha512-/gGivxi8JPKWNm/W0jSmzcMPpfpPLc3dY/6GxhX2hQ9iGj3aDfklV4ET7NjKpSinLpJ5vafa9iiGIEZg10SfBw==
  dependencies:
    react-is "^16.7.0"

react-dnd-html5-backend@^15.1.2:
  version "15.1.2"
  resolved "https://registry.yarnpkg.com/react-dnd-html5-backend/-/react-dnd-html5-backend-15.1.2.tgz#85e2c5ad57e87190495756f68f44fd89299062fb"
  integrity sha512-mem9QbutUF+aA2YC1y47G3ECjnYV/sCYKSnu5Jd7cbg3fLMPAwbnTf/JayYdnCH5l3eg9akD9dQt+cD0UdF8QQ==
  dependencies:
    dnd-core "15.1.1"

react-dnd@^15.1.1:
  version "15.1.1"
  resolved "https://registry.yarnpkg.com/react-dnd/-/react-dnd-15.1.1.tgz#feb233200cb372ea6382b511baac6cc52a0068dc"
  integrity sha512-QLrHtPU08U4c5zop0ANeqrHXaQw2EWLMn8DQoN6/e4eSN/UbB84P49/80Qg0MEF29VLB5vikSoiFh9N8ASNmpQ==
  dependencies:
    "@react-dnd/invariant" "3.0.0"
    "@react-dnd/shallowequal" "3.0.0"
    dnd-core "15.1.1"
    fast-deep-equal "^3.1.3"
    hoist-non-react-statics "^3.3.2"

react-icons@^4.3.1:
  version "4.3.1"
  resolved "https://registry.yarnpkg.com/react-icons/-/react-icons-4.3.1.tgz#2fa92aebbbc71f43d2db2ed1aed07361124e91ca"
  integrity sha512-cB10MXLTs3gVuXimblAdI71jrJx8njrJZmNMEMC+sQu5B/BIOmlsAjskdqpn81y8UBVEGuHODd7/ci5DvoSzTQ==

react-is@^16.7.0:
  version "16.13.1"
  resolved "https://registry.yarnpkg.com/react-is/-/react-is-16.13.1.tgz#789729a4dc36de2999dc156dd6c1d9c18cea56a4"
  integrity sha512-24e6ynE2H+OKt4kqsOvNd8kBpV65zoxbA4BVsEOB3ARVWQki/DHzaUoC5KuON/BiccDaCCTZBuOcfZs70kR8bQ==

redux@^4.1.1:
  version "4.1.2"
  resolved "https://registry.yarnpkg.com/redux/-/redux-4.1.2.tgz#140f35426d99bb4729af760afcf79eaaac407104"
  integrity sha512-SH8PglcebESbd/shgf6mii6EIoRM0zrQyjcuQ+ojmfxjTtE0z9Y8pa62iA/OJ58qjP6j27uyW4kUF4jl/jd6sw==
  dependencies:
    "@babel/runtime" "^7.9.2"

regenerator-runtime@^0.13.4:
  version "0.13.9"
  resolved "https://registry.yarnpkg.com/regenerator-runtime/-/regenerator-runtime-0.13.9.tgz#8925742a98ffd90814988d7566ad30ca3b263b52"
  integrity sha512-p3VT+cOEgxFsRRA9X4lkI1E+k2/CtnKtU4gcxyaCUreilL/vqI6CdZ3wxVUx3UOUg+gnUOQQcRI7BmSI656MYA==
